
Microsoft Visual Studio Solution File, Format Version 12.00
# Visual Studio 15
VisualStudioVersion = 15.0.28307.329
MinimumVisualStudioVersion = 10.0.40219.1
Project("{FAE04EC0-301F-11D3-BF4B-00C04F79EFBC}") = "WebApi", "WebApi\WebApi.csproj", "{DC0C9D29-1B60-4F87-BB48-DC19C57A8985}"
EndProject
Project("{FAE04EC0-301F-11D3-BF4B-00C04F79EFBC}") = "Weather_Report", "Weather_Report\Weather_Report.csproj", "{1185449D-6A8D-4B76-A953-8C6893539F15}"
EndProject
Project("{FAE04EC0-301F-11D3-BF4B-00C04F79EFBC}") = "Weather_Reports_Form", "Weather_Reports_Form\Weather_Reports_Form.csproj", "{C4627305-9239-4121-96A0-7E33108657B3}"
EndProject
Global
	GlobalSection(SolutionConfigurationPlatforms) = preSolution
		Debug|Any CPU = Debug|Any CPU
		Release|Any CPU = Release|Any CPU
	EndGlobalSection
	GlobalSection(ProjectConfigurationPlatforms) = postSolution
		{DC0C9D29-1B60-4F87-BB48-DC19C57A8985}.Debug|Any CPU.ActiveCfg = Debug|Any CPU
		{DC0C9D29-1B60-4F87-BB48-DC19C57A8985}.Debug|Any CPU.Build.0 = Debug|Any CPU
		{DC0C9D29-1B60-4F87-BB48-DC19C57A8985}.Release|Any CPU.ActiveCfg = Release|Any CPU
		{DC0C9D29-1B60-4F87-BB48-DC19C57A8985}.Release|Any CPU.Build.0 = Release|Any CPU
		{1185449D-6A8D-4B76-A953-8C6893539F15}.Debug|Any CPU.ActiveCfg = Debug|Any CPU
		{1185449D-6A8D-4B76-A953-8C6893539F15}.Debug|Any CPU.Build.0 = Debug|Any CPU
		{1185449D-6A8D-4B76-A953-8C6893539F15}.Release|Any CPU.ActiveCfg = Release|Any CPU
		{1185449D-6A8D-4B76-A953-8C6893539F15}.Release|Any CPU.Build.0 = Release|Any CPU
		{C4627305-9239-4121-96A0-7E33108657B3}.Debug|Any CPU.ActiveCfg = Debug|Any CPU
		{C4627305-9239-4121-96A0-7E33108657B3}.Debug|Any CPU.Build.0 = Debug|Any CPU
		{C4627305-9239-4121-96A0-7E33108657B3}.Release|Any CPU.ActiveCfg = Release|Any CPU
		{C4627305-9239-4121-96A0-7E33108657B3}.Release|Any CPU.Build.0 = Release|Any CPU
	EndGlobalSection
	GlobalSection(SolutionProperties) = preSolution
		HideSolutionNode = FALSE
	EndGlobalSection
	GlobalSection(ExtensibilityGlobals) = postSolution
		SolutionGuid = {A3CABAF3-D931-43F0-AC66-69B276A45406}
	EndGlobalSection
EndGlobal
